
Microsoft Visual Studio Solution File, Format Version 12.00
# Visual Studio Version 17
VisualStudioVersion = 17.8.34511.84
MinimumVisualStudioVersion = 10.0.40219.1
Project("{FAE04EC0-301F-11D3-BF4B-00C04F79EFBC}") = "class object", "class object\class object.csproj", "{7614961D-8E4E-4057-83EB-DD13CDA902D5}"
EndProject
Global
	GlobalSection(SolutionConfigurationPlatforms) = preSolution
		Debug|Any CPU = Debug|Any CPU
		Release|Any CPU = Release|Any CPU
	EndGlobalSection
	GlobalSection(ProjectConfigurationPlatforms) = postSolution
		{7614961D-8E4E-4057-83EB-DD13CDA902D5}.Debug|Any CPU.ActiveCfg = Debug|Any CPU
		{7614961D-8E4E-4057-83EB-DD13CDA902D5}.Debug|Any CPU.Build.0 = Debug|Any CPU
		{7614961D-8E4E-4057-83EB-DD13CDA902D5}.Release|Any CPU.ActiveCfg = Release|Any CPU
		{7614961D-8E4E-4057-83EB-DD13CDA902D5}.Release|Any CPU.Build.0 = Release|Any CPU
	EndGlobalSection
	GlobalSection(SolutionProperties) = preSolution
		HideSolutionNode = FALSE
	EndGlobalSection
	GlobalSection(ExtensibilityGlobals) = postSolution
		SolutionGuid = {D16856A9-EAC6-43DF-84BA-EC16253D5978}
	EndGlobalSection
EndGlobal
